
Microsoft Visual Studio Solution File, Format Version 12.00
# Visual Studio 14
VisualStudioVersion = 14.0.25420.1
MinimumVisualStudioVersion = 10.0.40219.1
Project("{00D1A9C2-B5F0-4AF3-8072-F6C62B433612}") = "StudentDiary.Database", "StudentDiary.Database\StudentDiary.Database.sqlproj", "{6EC423C4-D016-4BD6-A17F-65388D7D5EB5}"
EndProject
Project("{FAE04EC0-301F-11D3-BF4B-00C04F79EFBC}") = "StudentDiary.Entities", "StudentDiary.Entities\StudentDiary.Entities.csproj", "{54B8E2FA-EA2B-46E8-A5EB-10D0A5C752B3}"
EndProject
Project("{FAE04EC0-301F-11D3-BF4B-00C04F79EFBC}") = "StudentDiary.Repositories", "StudentDiary.Repositories\StudentDiary.Repositories.csproj", "{215FB3BE-B13F-4ADA-A70F-081EC9EACE70}"
EndProject
Project("{FAE04EC0-301F-11D3-BF4B-00C04F79EFBC}") = "StudentDiary.UI", "StudentDiary.UI\StudentDiary.UI.csproj", "{8885CCE2-8B3A-4569-A4D8-C118985436F3}"
EndProject
Project("{54435603-DBB4-11D2-8724-00A0C9A8B90C}") = "StudentDiary.Setup", "StudentDiary.Setup\StudentDiary.Setup.vdproj", "{E531FC90-FCDC-4DC3-8C50-605860777379}"
EndProject
Global
	GlobalSection(SolutionConfigurationPlatforms) = preSolution
		Debug|Any CPU = Debug|Any CPU
		Release|Any CPU = Release|Any CPU
	EndGlobalSection
	GlobalSection(ProjectConfigurationPlatforms) = postSolution
		{6EC423C4-D016-4BD6-A17F-65388D7D5EB5}.Debug|Any CPU.ActiveCfg = Debug|Any CPU
		{6EC423C4-D016-4BD6-A17F-65388D7D5EB5}.Debug|Any CPU.Build.0 = Debug|Any CPU
		{6EC423C4-D016-4BD6-A17F-65388D7D5EB5}.Debug|Any CPU.Deploy.0 = Debug|Any CPU
		{6EC423C4-D016-4BD6-A17F-65388D7D5EB5}.Release|Any CPU.ActiveCfg = Release|Any CPU
		{6EC423C4-D016-4BD6-A17F-65388D7D5EB5}.Release|Any CPU.Build.0 = Release|Any CPU
		{6EC423C4-D016-4BD6-A17F-65388D7D5EB5}.Release|Any CPU.Deploy.0 = Release|Any CPU
		{54B8E2FA-EA2B-46E8-A5EB-10D0A5C752B3}.Debug|Any CPU.ActiveCfg = Debug|Any CPU
		{54B8E2FA-EA2B-46E8-A5EB-10D0A5C752B3}.Debug|Any CPU.Build.0 = Debug|Any CPU
		{54B8E2FA-EA2B-46E8-A5EB-10D0A5C752B3}.Release|Any CPU.ActiveCfg = Release|Any CPU
		{54B8E2FA-EA2B-46E8-A5EB-10D0A5C752B3}.Release|Any CPU.Build.0 = Release|Any CPU
		{215FB3BE-B13F-4ADA-A70F-081EC9EACE70}.Debug|Any CPU.ActiveCfg = Debug|Any CPU
		{215FB3BE-B13F-4ADA-A70F-081EC9EACE70}.Debug|Any CPU.Build.0 = Debug|Any CPU
		{215FB3BE-B13F-4ADA-A70F-081EC9EACE70}.Release|Any CPU.ActiveCfg = Release|Any CPU
		{215FB3BE-B13F-4ADA-A70F-081EC9EACE70}.Release|Any CPU.Build.0 = Release|Any CPU
		{8885CCE2-8B3A-4569-A4D8-C118985436F3}.Debug|Any CPU.ActiveCfg = Debug|Any CPU
		{8885CCE2-8B3A-4569-A4D8-C118985436F3}.Debug|Any CPU.Build.0 = Debug|Any CPU
		{8885CCE2-8B3A-4569-A4D8-C118985436F3}.Release|Any CPU.ActiveCfg = Release|Any CPU
		{8885CCE2-8B3A-4569-A4D8-C118985436F3}.Release|Any CPU.Build.0 = Release|Any CPU
		{E531FC90-FCDC-4DC3-8C50-605860777379}.Debug|Any CPU.ActiveCfg = Debug
		{E531FC90-FCDC-4DC3-8C50-605860777379}.Release|Any CPU.ActiveCfg = Release
	EndGlobalSection
	GlobalSection(SolutionProperties) = preSolution
		HideSolutionNode = FALSE
	EndGlobalSection
EndGlobal
